// !$*UTF8*$!
{
	archiveVersion = 1;
	classes = {
	};
	objectVersion = 50;
	objects = {

/* Begin PBXBuildFile section */
		18311A1B2204890B00ACA136 /* TomatoTimeSettingViewController.m in Sources */ = {isa = PBXBuildFile; fileRef = 18311A1A2204890B00ACA136 /* TomatoTimeSettingViewController.m */; };
		18311A1E22048A3300ACA136 /* UserDefaultsTool.m in Sources */ = {isa = PBXBuildFile; fileRef = 18311A1D22048A3300ACA136 /* UserDefaultsTool.m */; };
		18311A242205CD6600ACA136 /* UserNotificationTool.m in Sources */ = {isa = PBXBuildFile; fileRef = 18311A232205CD6600ACA136 /* UserNotificationTool.m */; };
		184D1EB821F1A52C0075F444 /* AppDelegate.m in Sources */ = {isa = PBXBuildFile; fileRef = 184D1EB721F1A52C0075F444 /* AppDelegate.m */; };
		184D1EBE21F1A52C0075F444 /* Main.storyboard in Resources */ = {isa = PBXBuildFile; fileRef = 184D1EBC21F1A52C0075F444 /* Main.storyboard */; };
		184D1EC021F1A52E0075F444 /* Assets.xcassets in Resources */ = {isa = PBXBuildFile; fileRef = 184D1EBF21F1A52E0075F444 /* Assets.xcassets */; };
		184D1EC321F1A52E0075F444 /* LaunchScreen.storyboard in Resources */ = {isa = PBXBuildFile; fileRef = 184D1EC121F1A52E0075F444 /* LaunchScreen.storyboard */; };
		184D1EC621F1A52E0075F444 /* main.m in Sources */ = {isa = PBXBuildFile; fileRef = 184D1EC521F1A52E0075F444 /* main.m */; };
		184D1ECF21F1B0B60075F444 /* ClockViewController.m in Sources */ = {isa = PBXBuildFile; fileRef = 184D1ECE21F1B0B60075F444 /* ClockViewController.m */; };
		184D1ED421F1B27F0075F444 /* TimeDisplayLabel.m in Sources */ = {isa = PBXBuildFile; fileRef = 184D1ED321F1B27F0075F444 /* TimeDisplayLabel.m */; };
		184D1ED821F1BA420075F444 /* TimeTool.m in Sources */ = {isa = PBXBuildFile; fileRef = 184D1ED721F1BA420075F444 /* TimeTool.m */; };
		18BB106D220ECEE3002291E1 /* MenuViewController.m in Sources */ = {isa = PBXBuildFile; fileRef = 18BB106C220ECEE3002291E1 /* MenuViewController.m */; };
/* End PBXBuildFile section */

/* Begin PBXFileReference section */
		18311A192204890B00ACA136 /* TomatoTimeSettingViewController.h */ = {isa = PBXFileReference; lastKnownFileType = sourcecode.c.h; path = TomatoTimeSettingViewController.h; sourceTree = "<group>"; };
		18311A1A2204890B00ACA136 /* TomatoTimeSettingViewController.m */ = {isa = PBXFileReference; lastKnownFileType = sourcecode.c.objc; path = TomatoTimeSettingViewController.m; sourceTree = "<group>"; };
		18311A1C22048A3300ACA136 /* UserDefaultsTool.h */ = {isa = PBXFileReference; lastKnownFileType = sourcecode.c.h; path = UserDefaultsTool.h; sourceTree = "<group>"; };
		18311A1D22048A3300ACA136 /* UserDefaultsTool.m */ = {isa = PBXFileReference; lastKnownFileType = sourcecode.c.objc; path = UserDefaultsTool.m; sourceTree = "<group>"; };
		18311A222205CD6600ACA136 /* UserNotificationTool.h */ = {isa = PBXFileReference; lastKnownFileType = sourcecode.c.h; path = UserNotificationTool.h; sourceTree = "<group>"; };
		18311A232205CD6600ACA136 /* UserNotificationTool.m */ = {isa = PBXFileReference; lastKnownFileType = sourcecode.c.objc; path = UserNotificationTool.m; sourceTree = "<group>"; };
		184D1EB321F1A52C0075F444 /* Tomato Clock.app */ = {isa = PBXFileReference; explicitFileType = wrapper.application; includeInIndex = 0; path = "Tomato Clock.app"; sourceTree = BUILT_PRODUCTS_DIR; };
		184D1EB621F1A52C0075F444 /* AppDelegate.h */ = {isa = PBXFileReference; lastKnownFileType = sourcecode.c.h; path = AppDelegate.h; sourceTree = "<group>"; };
		184D1EB721F1A52C0075F444 /* AppDelegate.m */ = {isa = PBXFileReference; lastKnownFileType = sourcecode.c.objc; path = AppDelegate.m; sourceTree = "<group>"; };
		184D1EBD21F1A52C0075F444 /* Base */ = {isa = PBXFileReference; lastKnownFileType = file.storyboard; name = Base; path = Base.lproj/Main.storyboard; sourceTree = "<group>"; };
		184D1EBF21F1A52E0075F444 /* Assets.xcassets */ = {isa = PBXFileReference; lastKnownFileType = folder.assetcatalog; path = Assets.xcassets; sourceTree = "<group>"; };
		184D1EC221F1A52E0075F444 /* Base */ = {isa = PBXFileReference; lastKnownFileType = file.storyboard; name = Base; path = Base.lproj/LaunchScreen.storyboard; sourceTree = "<group>"; };
		184D1EC421F1A52E0075F444 /* Info.plist */ = {isa = PBXFileReference; lastKnownFileType = text.plist.xml; path = Info.plist; sourceTree = "<group>"; };
		184D1EC521F1A52E0075F444 /* main.m */ = {isa = PBXFileReference; lastKnownFileType = sourcecode.c.objc; path = main.m; sourceTree = "<group>"; };
		184D1ECD21F1B0B60075F444 /* ClockViewController.h */ = {isa = PBXFileReference; lastKnownFileType = sourcecode.c.h; path = ClockViewController.h; sourceTree = "<group>"; };
		184D1ECE21F1B0B60075F444 /* ClockViewController.m */ = {isa = PBXFileReference; lastKnownFileType = sourcecode.c.objc; path = ClockViewController.m; sourceTree = "<group>"; };
		184D1ED221F1B27F0075F444 /* TimeDisplayLabel.h */ = {isa = PBXFileReference; lastKnownFileType = sourcecode.c.h; path = TimeDisplayLabel.h; sourceTree = "<group>"; };
		184D1ED321F1B27F0075F444 /* TimeDisplayLabel.m */ = {isa = PBXFileReference; lastKnownFileType = sourcecode.c.objc; path = TimeDisplayLabel.m; sourceTree = "<group>"; };
		184D1ED621F1BA420075F444 /* TimeTool.h */ = {isa = PBXFileReference; lastKnownFileType = sourcecode.c.h; path = TimeTool.h; sourceTree = "<group>"; };
		184D1ED721F1BA420075F444 /* TimeTool.m */ = {isa = PBXFileReference; lastKnownFileType = sourcecode.c.objc; path = TimeTool.m; sourceTree = "<group>"; };
		18BB106B220ECEE3002291E1 /* MenuViewController.h */ = {isa = PBXFileReference; lastKnownFileType = sourcecode.c.h; path = MenuViewController.h; sourceTree = "<group>"; };
		18BB106C220ECEE3002291E1 /* MenuViewController.m */ = {isa = PBXFileReference; lastKnownFileType = sourcecode.c.objc; path = MenuViewController.m; sourceTree = "<group>"; };
/* End PBXFileReference section */

/* Begin PBXFrameworksBuildPhase section */
		184D1EB021F1A52C0075F444 /* Frameworks */ = {
			isa = PBXFrameworksBuildPhase;
			buildActionMask = 2147483647;
			files = (
			);
			runOnlyForDeploymentPostprocessing = 0;
		};
/* End PBXFrameworksBuildPhase section */

/* Begin PBXGroup section */
		18311A182204884400ACA136 /* Setting-MaxCountdown */ = {
			isa = PBXGroup;
			children = (
				18311A192204890B00ACA136 /* TomatoTimeSettingViewController.h */,
				18311A1A2204890B00ACA136 /* TomatoTimeSettingViewController.m */,
			);
			path = "Setting-MaxCountdown";
			sourceTree = "<group>";
		};
		184D1EAA21F1A52C0075F444 = {
			isa = PBXGroup;
			children = (
				184D1EB521F1A52C0075F444 /* Tomato Clock */,
				184D1EB421F1A52C0075F444 /* Products */,
			);
			sourceTree = "<group>";
		};
		184D1EB421F1A52C0075F444 /* Products */ = {
			isa = PBXGroup;
			children = (
				184D1EB321F1A52C0075F444 /* Tomato Clock.app */,
			);
			name = Products;
			sourceTree = "<group>";
		};
		184D1EB521F1A52C0075F444 /* Tomato Clock */ = {
			isa = PBXGroup;
			children = (
				184D1ED521F1B9F10075F444 /* Tool */,
				184D1ECC21F1B0920075F444 /* Controller */,
				184D1EB621F1A52C0075F444 /* AppDelegate.h */,
				184D1EB721F1A52C0075F444 /* AppDelegate.m */,
				184D1EBC21F1A52C0075F444 /* Main.storyboard */,
				184D1EBF21F1A52E0075F444 /* Assets.xcassets */,
				184D1EC121F1A52E0075F444 /* LaunchScreen.storyboard */,
				184D1EC421F1A52E0075F444 /* Info.plist */,
				184D1EC521F1A52E0075F444 /* main.m */,
			);
			path = "Tomato Clock";
			sourceTree = "<group>";
		};
		184D1ECC21F1B0920075F444 /* Controller */ = {
			isa = PBXGroup;
			children = (
				18BB106A220ECEB4002291E1 /* Menu */,
				18311A182204884400ACA136 /* Setting-MaxCountdown */,
				184D1ED021F1B1FA0075F444 /* ClockView */,
			);
			path = Controller;
			sourceTree = "<group>";
		};
		184D1ED021F1B1FA0075F444 /* ClockView */ = {
			isa = PBXGroup;
			children = (
				184D1ED121F1B23D0075F444 /* Components */,
				184D1ECD21F1B0B60075F444 /* ClockViewController.h */,
				184D1ECE21F1B0B60075F444 /* ClockViewController.m */,
			);
			path = ClockView;
			sourceTree = "<group>";
		};
		184D1ED121F1B23D0075F444 /* Components */ = {
			isa = PBXGroup;
			children = (
				184D1ED221F1B27F0075F444 /* TimeDisplayLabel.h */,
				184D1ED321F1B27F0075F444 /* TimeDisplayLabel.m */,
			);
			path = Components;
			sourceTree = "<group>";
		};
		184D1ED521F1B9F10075F444 /* Tool */ = {
			isa = PBXGroup;
			children = (
				184D1ED621F1BA420075F444 /* TimeTool.h */,
				184D1ED721F1BA420075F444 /* TimeTool.m */,
				18311A1C22048A3300ACA136 /* UserDefaultsTool.h */,
				18311A1D22048A3300ACA136 /* UserDefaultsTool.m */,
				18311A222205CD6600ACA136 /* UserNotificationTool.h */,
				18311A232205CD6600ACA136 /* UserNotificationTool.m */,
			);
			path = Tool;
			sourceTree = "<group>";
		};
		18BB106A220ECEB4002291E1 /* Menu */ = {
			isa = PBXGroup;
			children = (
				18BB106B220ECEE3002291E1 /* MenuViewController.h */,
				18BB106C220ECEE3002291E1 /* MenuViewController.m */,
			);
			path = Menu;
			sourceTree = "<group>";
		};
/* End PBXGroup section */

/* Begin PBXNativeTarget section */
		184D1EB221F1A52C0075F444 /* Tomato Clock */ = {
			isa = PBXNativeTarget;
			buildConfigurationList = 184D1EC921F1A52E0075F444 /* Build configuration list for PBXNativeTarget "Tomato Clock" */;
			buildPhases = (
				184D1EAF21F1A52C0075F444 /* Sources */,
				184D1EB021F1A52C0075F444 /* Frameworks */,
				184D1EB121F1A52C0075F444 /* Resources */,
			);
			buildRules = (
			);
			dependencies = (
			);
			name = "Tomato Clock";
			productName = "Tomato Clock";
			productReference = 184D1EB321F1A52C0075F444 /* Tomato Clock.app */;
			productType = "com.apple.product-type.application";
		};
/* End PBXNativeTarget section */

/* Begin PBXProject section */
		184D1EAB21F1A52C0075F444 /* Project object */ = {
			isa = PBXProject;
			attributes = {
				LastUpgradeCheck = 1010;
				ORGANIZATIONNAME = Young;
				TargetAttributes = {
					184D1EB221F1A52C0075F444 = {
						CreatedOnToolsVersion = 10.1;
					};
				};
			};
			buildConfigurationList = 184D1EAE21F1A52C0075F444 /* Build configuration list for PBXProject "Tomato Clock" */;
			compatibilityVersion = "Xcode 9.3";
			developmentRegion = en;
			hasScannedForEncodings = 0;
			knownRegions = (
				en,
				Base,
			);
			mainGroup = 184D1EAA21F1A52C0075F444;
			productRefGroup = 184D1EB421F1A52C0075F444 /* Products */;
			projectDirPath = "";
			projectRoot = "";
			targets = (
				184D1EB221F1A52C0075F444 /* Tomato Clock */,
			);
		};
/* End PBXProject section */

/* Begin PBXResourcesBuildPhase section */
		184D1EB121F1A52C0075F444 /* Resources */ = {
			isa = PBXResourcesBuildPhase;
			buildActionMask = 2147483647;
			files = (
				184D1EC321F1A52E0075F444 /* LaunchScreen.storyboard in Resources */,
				184D1EC021F1A52E0075F444 /* Assets.xcassets in Resources */,
				184D1EBE21F1A52C0075F444 /* Main.storyboard in Resources */,
			);
			runOnlyForDeploymentPostprocessing = 0;
		};
/* End PBXResourcesBuildPhase section */

/* Begin PBXSourcesBuildPhase section */
		184D1EAF21F1A52C0075F444 /* Sources */ = {
			isa = PBXSourcesBuildPhase;
			buildActionMask = 2147483647;
			files = (
				184D1ED821F1BA420075F444 /* TimeTool.m in Sources */,
				18BB106D220ECEE3002291E1 /* MenuViewController.m in Sources */,
				184D1EC621F1A52E0075F444 /* main.m in Sources */,
				18311A1B2204890B00ACA136 /* TomatoTimeSettingViewController.m in Sources */,
				184D1ED421F1B27F0075F444 /* TimeDisplayLabel.m in Sources */,
				184D1EB821F1A52C0075F444 /* AppDelegate.m in Sources */,
				18311A242205CD6600ACA136 /* UserNotificationTool.m in Sources */,
				184D1ECF21F1B0B60075F444 /* ClockViewController.m in Sources */,
				18311A1E22048A3300ACA136 /* UserDefaultsTool.m in Sources */,
			);
			runOnlyForDeploymentPostprocessing = 0;
		};
/* End PBXSourcesBuildPhase section */

/* Begin PBXVariantGroup section */
		184D1EBC21F1A52C0075F444 /* Main.storyboard */ = {
			isa = PBXVariantGroup;
			children = (
				184D1EBD21F1A52C0075F444 /* Base */,
			);
			name = Main.storyboard;
			sourceTree = "<group>";
		};
		184D1EC121F1A52E0075F444 /* LaunchScreen.storyboard */ = {
			isa = PBXVariantGroup;
			children = (
				184D1EC221F1A52E0075F444 /* Base */,
			);
			name = LaunchScreen.storyboard;
			sourceTree = "<group>";
		};
/* End PBXVariantGroup section */

/* Begin XCBuildConfiguration section */
		184D1EC721F1A52E0075F444 /* Debug */ = {
			isa = XCBuildConfiguration;
			buildSettings = {
				ALWAYS_SEARCH_USER_PATHS = NO;
				CLANG_ANALYZER_NONNULL = YES;
				CLANG_ANALYZER_NUMBER_OBJECT_CONVERSION = YES_AGGRESSIVE;
				CLANG_CXX_LANGUAGE_STANDARD = "gnu++14";
				CLANG_CXX_LIBRARY = "libc++";
				CLANG_ENABLE_MODULES = YES;
				CLANG_ENABLE_OBJC_ARC = YES;
				CLANG_ENABLE_OBJC_WEAK = YES;
				CLANG_WARN_BLOCK_CAPTURE_AUTORELEASING = YES;
				CLANG_WARN_BOOL_CONVERSION = YES;
				CLANG_WARN_COMMA = YES;
				CLANG_WARN_CONSTANT_CONVERSION = YES;
				CLANG_WARN_DEPRECATED_OBJC_IMPLEMENTATIONS = YES;
				CLANG_WARN_DIRECT_OBJC_ISA_USAGE = YES_ERROR;
				CLANG_WARN_DOCUMENTATION_COMMENTS = YES;
				CLANG_WARN_EMPTY_BODY = YES;
				CLANG_WARN_ENUM_CONVERSION = YES;
				CLANG_WARN_INFINITE_RECURSION = YES;
				CLANG_WARN_INT_CONVERSION = YES;
				CLANG_WARN_NON_LITERAL_NULL_CONVERSION = YES;
				CLANG_WARN_OBJC_IMPLICIT_RETAIN_SELF = YES;
				CLANG_WARN_OBJC_LITERAL_CONVERSION = YES;
				CLANG_WARN_OBJC_ROOT_CLASS = YES_ERROR;
				CLANG_WARN_RANGE_LOOP_ANALYSIS = YES;
				CLANG_WARN_STRICT_PROTOTYPES = YES;
				CLANG_WARN_SUSPICIOUS_MOVE = YES;
				CLANG_WARN_UNGUARDED_AVAILABILITY = YES_AGGRESSIVE;
				CLANG_WARN_UNREACHABLE_CODE = YES;
				CLANG_WARN__DUPLICATE_METHOD_MATCH = YES;
				CODE_SIGN_IDENTITY = "iPhone Developer";
				COPY_PHASE_STRIP = NO;
				DEBUG_INFORMATION_FORMAT = dwarf;
				ENABLE_STRICT_OBJC_MSGSEND = YES;
				ENABLE_TESTABILITY = YES;
				GCC_C_LANGUAGE_STANDARD = gnu11;
				GCC_DYNAMIC_NO_PIC = NO;
				GCC_NO_COMMON_BLOCKS = YES;
				GCC_OPTIMIZATION_LEVEL = 0;
				GCC_PREPROCESSOR_DEFINITIONS = (
					"DEBUG=1",
					"$(inherited)",
				);
				GCC_WARN_64_TO_32_BIT_CONVERSION = YES;
				GCC_WARN_ABOUT_RETURN_TYPE = YES_ERROR;
				GCC_WARN_UNDECLARED_SELECTOR = YES;
				GCC_WARN_UNINITIALIZED_AUTOS = YES_AGGRESSIVE;
				GCC_WARN_UNUSED_FUNCTION = YES;
				GCC_WARN_UNUSED_VARIABLE = YES;
				IPHONEOS_DEPLOYMENT_TARGET = 12.1;
				MTL_ENABLE_DEBUG_INFO = INCLUDE_SOURCE;
				MTL_FAST_MATH = YES;
				ONLY_ACTIVE_ARCH = YES;
				SDKROOT = iphoneos;
			};
			name = Debug;
		};
		184D1EC821F1A52E0075F444 /* Release */ = {
			isa = XCBuildConfiguration;
			buildSettings = {
				ALWAYS_SEARCH_USER_PATHS = NO;
				CLANG_ANALYZER_NONNULL = YES;
				CLANG_ANALYZER_NUMBER_OBJECT_CONVERSION = YES_AGGRESSIVE;
				CLANG_CXX_LANGUAGE_STANDARD = "gnu++14";
				CLANG_CXX_LIBRARY = "libc++";
				CLANG_ENABLE_MODULES = YES;
				CLANG_ENABLE_OBJC_ARC = YES;
				CLANG_ENABLE_OBJC_WEAK = YES;
				CLANG_WARN_BLOCK_CAPTURE_AUTORELEASING = YES;
				CLANG_WARN_BOOL_CONVERSION = YES;
				CLANG_WARN_COMMA = YES;
				CLANG_WARN_CONSTANT_CONVERSION = YES;
				CLANG_WARN_DEPRECATED_OBJC_IMPLEMENTATIONS = YES;
				CLANG_WARN_DIRECT_OBJC_ISA_USAGE = YES_ERROR;
				CLANG_WARN_DOCUMENTATION_COMMENTS = YES;
				CLANG_WARN_EMPTY_BODY = YES;
				CLANG_WARN_ENUM_CONVERSION = YES;
				CLANG_WARN_INFINITE_RECURSION = YES;
				CLANG_WARN_INT_CONVERSION = YES;
				CLANG_WARN_NON_LITERAL_NULL_CONVERSION = YES;
				CLANG_WARN_OBJC_IMPLICIT_RETAIN_SELF = YES;
				CLANG_WARN_OBJC_LITERAL_CONVERSION = YES;
				CLANG_WARN_OBJC_ROOT_CLASS = YES_ERROR;
				CLANG_WARN_RANGE_LOOP_ANALYSIS = YES;
				CLANG_WARN_STRICT_PROTOTYPES = YES;
				CLANG_WARN_SUSPICIOUS_MOVE = YES;
				CLANG_WARN_UNGUARDED_AVAILABILITY = YES_AGGRESSIVE;
				CLANG_WARN_UNREACHABLE_CODE = YES;
				CLANG_WARN__DUPLICATE_METHOD_MATCH = YES;
				CODE_SIGN_IDENTITY = "iPhone Developer";
				COPY_PHASE_STRIP = NO;
				DEBUG_INFORMATION_FORMAT = "dwarf-with-dsym";
				ENABLE_NS_ASSERTIONS = NO;
				ENABLE_STRICT_OBJC_MSGSEND = YES;
				GCC_C_LANGUAGE_STANDARD = gnu11;
				GCC_NO_COMMON_BLOCKS = YES;
				GCC_WARN_64_TO_32_BIT_CONVERSION = YES;
				GCC_WARN_ABOUT_RETURN_TYPE = YES_ERROR;
				GCC_WARN_UNDECLARED_SELECTOR = YES;
				GCC_WARN_UNINITIALIZED_AUTOS = YES_AGGRESSIVE;
				GCC_WARN_UNUSED_FUNCTION = YES;
				GCC_WARN_UNUSED_VARIABLE = YES;
				IPHONEOS_DEPLOYMENT_TARGET = 12.1;
				MTL_ENABLE_DEBUG_INFO = NO;
				MTL_FAST_MATH = YES;
				SDKROOT = iphoneos;
				VALIDATE_PRODUCT = YES;
			};
			name = Release;
		};
		184D1ECA21F1A52E0075F444 /* Debug */ = {
			isa = XCBuildConfiguration;
			buildSettings = {
				ASSETCATALOG_COMPILER_APPICON_NAME = AppIcon;
				CODE_SIGN_STYLE = Automatic;
				DEVELOPMENT_TEAM = QNNNA39DX6;
				INFOPLIST_FILE = "Tomato Clock/Info.plist";
				LD_RUNPATH_SEARCH_PATHS = (
					"$(inherited)",
					"@executable_path/Frameworks",
				);
				PRODUCT_BUNDLE_IDENTIFIER = "Young.Tomato-Clock";
				PRODUCT_NAME = "$(TARGET_NAME)";
				TARGETED_DEVICE_FAMILY = "1,2";
			};
			name = Debug;
		};
		184D1ECB21F1A52E0075F444 /* Release */ = {
			isa = XCBuildConfiguration;
			buildSettings = {
				ASSETCATALOG_COMPILER_APPICON_NAME = AppIcon;
				CODE_SIGN_STYLE = Automatic;
				DEVELOPMENT_TEAM = QNNNA39DX6;
				INFOPLIST_FILE = "Tomato Clock/Info.plist";
				LD_RUNPATH_SEARCH_PATHS = (
					"$(inherited)",
					"@executable_path/Frameworks",
				);
				PRODUCT_BUNDLE_IDENTIFIER = "Young.Tomato-Clock";
				PRODUCT_NAME = "$(TARGET_NAME)";
				TARGETED_DEVICE_FAMILY = "1,2";
			};
			name = Release;
		};
/* End XCBuildConfiguration section */

/* Begin XCConfigurationList section */
		184D1EAE21F1A52C0075F444 /* Build configuration list for PBXProject "Tomato Clock" */ = {
			isa = XCConfigurationList;
			buildConfigurations = (
				184D1EC721F1A52E0075F444 /* Debug */,
				184D1EC821F1A52E0075F444 /* Release */,
			);
			defaultConfigurationIsVisible = 0;
			defaultConfigurationName = Release;
		};
		184D1EC921F1A52E0075F444 /* Build configuration list for PBXNativeTarget "Tomato Clock" */ = {
			isa = XCConfigurationList;
			buildConfigurations = (
				184D1ECA21F1A52E0075F444 /* Debug */,
				184D1ECB21F1A52E0075F444 /* Release */,
			);
			defaultConfigurationIsVisible = 0;
			defaultConfigurationName = Release;
		};
/* End XCConfigurationList section */
	};
	rootObject = 184D1EAB21F1A52C0075F444 /* Project object */;
}
